
Microsoft Visual Studio Solution File, Format Version 12.00
# Visual Studio Version 17
VisualStudioVersion = 17.2.32616.157
MinimumVisualStudioVersion = 10.0.40219.1
Project("{FAE04EC0-301F-11D3-BF4B-00C04F79EFBC}") = "HelloWorldSample", "HelloWorldSample.csproj", "{0BB8DC1D-9D9B-43FE-9458-668459514B8E}"
EndProject
Global
	GlobalSection(SolutionConfigurationPlatforms) = preSolution
		Debug|Any CPU = Debug|Any CPU
		Release|Any CPU = Release|Any CPU
	EndGlobalSection
	GlobalSection(ProjectConfigurationPlatforms) = postSolution
		{0BB8DC1D-9D9B-43FE-9458-668459514B8E}.Debug|Any CPU.ActiveCfg = Debug|Any CPU
		{0BB8DC1D-9D9B-43FE-9458-668459514B8E}.Debug|Any CPU.Build.0 = Debug|Any CPU
		{0BB8DC1D-9D9B-43FE-9458-668459514B8E}.Release|Any CPU.ActiveCfg = Release|Any CPU
		{0BB8DC1D-9D9B-43FE-9458-668459514B8E}.Release|Any CPU.Build.0 = Release|Any CPU
	EndGlobalSection
	GlobalSection(SolutionProperties) = preSolution
		HideSolutionNode = FALSE
	EndGlobalSection
	GlobalSection(ExtensibilityGlobals) = postSolution
		SolutionGuid = {5FDE6A89-7778-46D1-992D-EFC7975CB80F}
	EndGlobalSection
EndGlobal
