
Microsoft Visual Studio Solution File, Format Version 12.00
# Visual Studio Version 17
VisualStudioVersion = 17.2.32616.157
MinimumVisualStudioVersion = 10.0.40219.1
Project("{FAE04EC0-301F-11D3-BF4B-00C04F79EFBC}") = "1.5_Variables_InABUcket", "1.5_Variables_InABUcket.csproj", "{BDDE512B-3AE4-4774-8E19-3EA757370162}"
EndProject
Global
	GlobalSection(SolutionConfigurationPlatforms) = preSolution
		Debug|Any CPU = Debug|Any CPU
		Release|Any CPU = Release|Any CPU
	EndGlobalSection
	GlobalSection(ProjectConfigurationPlatforms) = postSolution
		{BDDE512B-3AE4-4774-8E19-3EA757370162}.Debug|Any CPU.ActiveCfg = Debug|Any CPU
		{BDDE512B-3AE4-4774-8E19-3EA757370162}.Debug|Any CPU.Build.0 = Debug|Any CPU
		{BDDE512B-3AE4-4774-8E19-3EA757370162}.Release|Any CPU.ActiveCfg = Release|Any CPU
		{BDDE512B-3AE4-4774-8E19-3EA757370162}.Release|Any CPU.Build.0 = Release|Any CPU
	EndGlobalSection
	GlobalSection(SolutionProperties) = preSolution
		HideSolutionNode = FALSE
	EndGlobalSection
	GlobalSection(ExtensibilityGlobals) = postSolution
		SolutionGuid = {BB5DC219-88AD-41F3-8CFF-4A2A060E9738}
	EndGlobalSection
EndGlobal
