
Microsoft Visual Studio Solution File, Format Version 12.00
# Visual Studio Version 17
VisualStudioVersion = 17.2.32616.157
MinimumVisualStudioVersion = 10.0.40219.1
Project("{FAE04EC0-301F-11D3-BF4B-00C04F79EFBC}") = "1.6_Variables_MoreBucketsOfFun", "1.6_Variables_MoreBucketsOfFun.csproj", "{105D7543-4BB0-441F-897F-48D75FD1E8EA}"
EndProject
Global
	GlobalSection(SolutionConfigurationPlatforms) = preSolution
		Debug|Any CPU = Debug|Any CPU
		Release|Any CPU = Release|Any CPU
	EndGlobalSection
	GlobalSection(ProjectConfigurationPlatforms) = postSolution
		{105D7543-4BB0-441F-897F-48D75FD1E8EA}.Debug|Any CPU.ActiveCfg = Debug|Any CPU
		{105D7543-4BB0-441F-897F-48D75FD1E8EA}.Debug|Any CPU.Build.0 = Debug|Any CPU
		{105D7543-4BB0-441F-897F-48D75FD1E8EA}.Release|Any CPU.ActiveCfg = Release|Any CPU
		{105D7543-4BB0-441F-897F-48D75FD1E8EA}.Release|Any CPU.Build.0 = Release|Any CPU
	EndGlobalSection
	GlobalSection(SolutionProperties) = preSolution
		HideSolutionNode = FALSE
	EndGlobalSection
	GlobalSection(ExtensibilityGlobals) = postSolution
		SolutionGuid = {E89F4A94-9480-48CC-B197-8CD22A173300}
	EndGlobalSection
EndGlobal
