
Microsoft Visual Studio Solution File, Format Version 12.00
# Visual Studio Version 17
VisualStudioVersion = 17.2.32616.157
MinimumVisualStudioVersion = 10.0.40219.1
Project("{FAE04EC0-301F-11D3-BF4B-00C04F79EFBC}") = "1.2_ProjectGutenburg", "1.2_ProjectGutenburg.csproj", "{A40116E1-923C-48FF-9EF7-D0E7A84D502A}"
EndProject
Global
	GlobalSection(SolutionConfigurationPlatforms) = preSolution
		Debug|Any CPU = Debug|Any CPU
		Release|Any CPU = Release|Any CPU
	EndGlobalSection
	GlobalSection(ProjectConfigurationPlatforms) = postSolution
		{A40116E1-923C-48FF-9EF7-D0E7A84D502A}.Debug|Any CPU.ActiveCfg = Debug|Any CPU
		{A40116E1-923C-48FF-9EF7-D0E7A84D502A}.Debug|Any CPU.Build.0 = Debug|Any CPU
		{A40116E1-923C-48FF-9EF7-D0E7A84D502A}.Release|Any CPU.ActiveCfg = Release|Any CPU
		{A40116E1-923C-48FF-9EF7-D0E7A84D502A}.Release|Any CPU.Build.0 = Release|Any CPU
	EndGlobalSection
	GlobalSection(SolutionProperties) = preSolution
		HideSolutionNode = FALSE
	EndGlobalSection
	GlobalSection(ExtensibilityGlobals) = postSolution
		SolutionGuid = {FDCEB850-1B9A-43C1-A90C-4C8A92E22190}
	EndGlobalSection
EndGlobal
