
Microsoft Visual Studio Solution File, Format Version 12.00
# Visual Studio Version 17
VisualStudioVersion = 17.2.32616.157
MinimumVisualStudioVersion = 10.0.40219.1
Project("{FAE04EC0-301F-11D3-BF4B-00C04F79EFBC}") = "1.9_Variables_MenuOfChampions", "1.9_Variables_MenuOfChampions.csproj", "{D012C4A1-B626-49CF-BAA8-9E25F98CEC0B}"
EndProject
Global
	GlobalSection(SolutionConfigurationPlatforms) = preSolution
		Debug|Any CPU = Debug|Any CPU
		Release|Any CPU = Release|Any CPU
	EndGlobalSection
	GlobalSection(ProjectConfigurationPlatforms) = postSolution
		{D012C4A1-B626-49CF-BAA8-9E25F98CEC0B}.Debug|Any CPU.ActiveCfg = Debug|Any CPU
		{D012C4A1-B626-49CF-BAA8-9E25F98CEC0B}.Debug|Any CPU.Build.0 = Debug|Any CPU
		{D012C4A1-B626-49CF-BAA8-9E25F98CEC0B}.Release|Any CPU.ActiveCfg = Release|Any CPU
		{D012C4A1-B626-49CF-BAA8-9E25F98CEC0B}.Release|Any CPU.Build.0 = Release|Any CPU
	EndGlobalSection
	GlobalSection(SolutionProperties) = preSolution
		HideSolutionNode = FALSE
	EndGlobalSection
	GlobalSection(ExtensibilityGlobals) = postSolution
		SolutionGuid = {3B67D5AE-209E-46D6-81CA-E218A0978DD9}
	EndGlobalSection
EndGlobal
